
Microsoft Visual Studio Solution File, Format Version 12.00
# Visual Studio 15
VisualStudioVersion = 15.0.27004.2006
MinimumVisualStudioVersion = 10.0.40219.1
Project("{FAE04EC0-301F-11D3-BF4B-00C04F79EFBC}") = "X01 Debuggin exercise 1", "X01 Debuggin exercise 1\X01 Debuggin exercise 1.csproj", "{C806A72D-6FB0-4E57-AA63-333ACCE5F681}"
EndProject
Global
	GlobalSection(SolutionConfigurationPlatforms) = preSolution
		Debug|Any CPU = Debug|Any CPU
		Release|Any CPU = Release|Any CPU
	EndGlobalSection
	GlobalSection(ProjectConfigurationPlatforms) = postSolution
		{C806A72D-6FB0-4E57-AA63-333ACCE5F681}.Debug|Any CPU.ActiveCfg = Debug|Any CPU
		{C806A72D-6FB0-4E57-AA63-333ACCE5F681}.Debug|Any CPU.Build.0 = Debug|Any CPU
		{C806A72D-6FB0-4E57-AA63-333ACCE5F681}.Release|Any CPU.ActiveCfg = Release|Any CPU
		{C806A72D-6FB0-4E57-AA63-333ACCE5F681}.Release|Any CPU.Build.0 = Release|Any CPU
	EndGlobalSection
	GlobalSection(SolutionProperties) = preSolution
		HideSolutionNode = FALSE
	EndGlobalSection
	GlobalSection(ExtensibilityGlobals) = postSolution
		SolutionGuid = {24C5808C-9B7E-4C61-AB85-FFCF83024ECA}
	EndGlobalSection
EndGlobal
